
Microsoft Visual Studio Solution File, Format Version 12.00
# Visual Studio Version 17
VisualStudioVersion = 17.14.37314.3 d17.14
MinimumVisualStudioVersion = 10.0.40219.1
Project("{FAE04EC0-301F-11D3-BF4B-00C04F79EFBC}") = "Zero_Injector", "Zero_Injector.csproj", "{490F96DF-DDCB-4DEE-9AD3-5B9F3977F735}"
EndProject
Global
	GlobalSection(SolutionConfigurationPlatforms) = preSolution
		Debug|Any CPU = Debug|Any CPU
		Debug|x86 = Debug|x86
		Release|Any CPU = Release|Any CPU
		Release|x86 = Release|x86
	EndGlobalSection
	GlobalSection(ProjectConfigurationPlatforms) = postSolution
		{490F96DF-DDCB-4DEE-9AD3-5B9F3977F735}.Debug|Any CPU.ActiveCfg = Debug|x86
		{490F96DF-DDCB-4DEE-9AD3-5B9F3977F735}.Debug|x86.ActiveCfg = Release|x86
		{490F96DF-DDCB-4DEE-9AD3-5B9F3977F735}.Debug|x86.Build.0 = Release|x86
		{490F96DF-DDCB-4DEE-9AD3-5B9F3977F735}.Release|Any CPU.ActiveCfg = Release|x86
		{490F96DF-DDCB-4DEE-9AD3-5B9F3977F735}.Release|x86.ActiveCfg = Release|x86
		{490F96DF-DDCB-4DEE-9AD3-5B9F3977F735}.Release|x86.Build.0 = Release|x86
	EndGlobalSection
	GlobalSection(SolutionProperties) = preSolution
		HideSolutionNode = FALSE
	EndGlobalSection
	GlobalSection(ExtensibilityGlobals) = postSolution
		SolutionGuid = {FB05AA49-9267-4193-B250-241398C8AB2D}
	EndGlobalSection
EndGlobal
